
Microsoft Visual Studio Solution File, Format Version 12.00
Project("{FAE04EC0-301F-11D3-BF4B-00C04F79EFBC}") = "DriveSalez.WebApi", "DriveSalez.WebApi\DriveSalez.WebApi.csproj", "{75F3FD7D-896B-4332-9E8B-08C7B2596870}"
EndProject
Project("{FAE04EC0-301F-11D3-BF4B-00C04F79EFBC}") = "DriveSalez.Domain", "DriveSalez.Domain\DriveSalez.Domain.csproj", "{D8A93722-8ACA-472B-B99C-638C09F8FC24}"
EndProject
Project("{2150E333-8FDC-42A3-9474-1A3956D46DE8}") = "Core", "Core", "{3D55C360-7714-48F1-A693-0DB9ABF472CF}"
EndProject
Project("{FAE04EC0-301F-11D3-BF4B-00C04F79EFBC}") = "DriveSalez.Application.Contracts", "DriveSalez.Application.Contracts\DriveSalez.Application.Contracts.csproj", "{262138B7-5481-4F50-B707-85520E47F096}"
EndProject
Project("{FAE04EC0-301F-11D3-BF4B-00C04F79EFBC}") = "DriveSalez.Repository.Contracts", "DriveSalez.Repository.Contracts\DriveSalez.Repository.Contracts.csproj", "{6D93F64F-1429-4BA7-8FED-789142DDA36D}"
EndProject
Project("{FAE04EC0-301F-11D3-BF4B-00C04F79EFBC}") = "DriveSalez.Application", "DriveSalez.Application\DriveSalez.Application.csproj", "{363EBB6F-0560-4380-9876-EAE8F68BD9A6}"
EndProject
Project("{2150E333-8FDC-42A3-9474-1A3956D46DE8}") = "Infrastructure", "Infrastructure", "{2457A7B2-B0E9-450A-B657-B375710DC131}"
EndProject
Project("{FAE04EC0-301F-11D3-BF4B-00C04F79EFBC}") = "DriveSalez.Persistence", "DriveSalez.Persistence\DriveSalez.Persistence.csproj", "{AD86B42B-2E0E-40E6-8552-4FDFF3257B6D}"
EndProject
Project("{FAE04EC0-301F-11D3-BF4B-00C04F79EFBC}") = "DriveSalez.Presentation", "DriveSalez.Presentation\DriveSalez.Presentation.csproj", "{52E5D454-74A8-47C4-9429-6DED91A3E0C7}"
EndProject
Project("{2150E333-8FDC-42A3-9474-1A3956D46DE8}") = "Shared", "Shared", "{BCC036E3-DB2B-4E6D-BDCB-2FC510F7E345}"
EndProject
Global
	GlobalSection(SolutionConfigurationPlatforms) = preSolution
		Debug|Any CPU = Debug|Any CPU
		Release|Any CPU = Release|Any CPU
	EndGlobalSection
	GlobalSection(ProjectConfigurationPlatforms) = postSolution
		{75F3FD7D-896B-4332-9E8B-08C7B2596870}.Debug|Any CPU.ActiveCfg = Debug|Any CPU
		{75F3FD7D-896B-4332-9E8B-08C7B2596870}.Debug|Any CPU.Build.0 = Debug|Any CPU
		{75F3FD7D-896B-4332-9E8B-08C7B2596870}.Release|Any CPU.ActiveCfg = Release|Any CPU
		{75F3FD7D-896B-4332-9E8B-08C7B2596870}.Release|Any CPU.Build.0 = Release|Any CPU
		{D8A93722-8ACA-472B-B99C-638C09F8FC24}.Debug|Any CPU.ActiveCfg = Debug|Any CPU
		{D8A93722-8ACA-472B-B99C-638C09F8FC24}.Debug|Any CPU.Build.0 = Debug|Any CPU
		{D8A93722-8ACA-472B-B99C-638C09F8FC24}.Release|Any CPU.ActiveCfg = Release|Any CPU
		{D8A93722-8ACA-472B-B99C-638C09F8FC24}.Release|Any CPU.Build.0 = Release|Any CPU
		{262138B7-5481-4F50-B707-85520E47F096}.Debug|Any CPU.ActiveCfg = Debug|Any CPU
		{262138B7-5481-4F50-B707-85520E47F096}.Debug|Any CPU.Build.0 = Debug|Any CPU
		{262138B7-5481-4F50-B707-85520E47F096}.Release|Any CPU.ActiveCfg = Release|Any CPU
		{262138B7-5481-4F50-B707-85520E47F096}.Release|Any CPU.Build.0 = Release|Any CPU
		{6D93F64F-1429-4BA7-8FED-789142DDA36D}.Debug|Any CPU.ActiveCfg = Debug|Any CPU
		{6D93F64F-1429-4BA7-8FED-789142DDA36D}.Debug|Any CPU.Build.0 = Debug|Any CPU
		{6D93F64F-1429-4BA7-8FED-789142DDA36D}.Release|Any CPU.ActiveCfg = Release|Any CPU
		{6D93F64F-1429-4BA7-8FED-789142DDA36D}.Release|Any CPU.Build.0 = Release|Any CPU
		{363EBB6F-0560-4380-9876-EAE8F68BD9A6}.Debug|Any CPU.ActiveCfg = Debug|Any CPU
		{363EBB6F-0560-4380-9876-EAE8F68BD9A6}.Debug|Any CPU.Build.0 = Debug|Any CPU
		{363EBB6F-0560-4380-9876-EAE8F68BD9A6}.Release|Any CPU.ActiveCfg = Release|Any CPU
		{363EBB6F-0560-4380-9876-EAE8F68BD9A6}.Release|Any CPU.Build.0 = Release|Any CPU
		{AD86B42B-2E0E-40E6-8552-4FDFF3257B6D}.Debug|Any CPU.ActiveCfg = Debug|Any CPU
		{AD86B42B-2E0E-40E6-8552-4FDFF3257B6D}.Debug|Any CPU.Build.0 = Debug|Any CPU
		{AD86B42B-2E0E-40E6-8552-4FDFF3257B6D}.Release|Any CPU.ActiveCfg = Release|Any CPU
		{AD86B42B-2E0E-40E6-8552-4FDFF3257B6D}.Release|Any CPU.Build.0 = Release|Any CPU
		{52E5D454-74A8-47C4-9429-6DED91A3E0C7}.Debug|Any CPU.ActiveCfg = Debug|Any CPU
		{52E5D454-74A8-47C4-9429-6DED91A3E0C7}.Debug|Any CPU.Build.0 = Debug|Any CPU
		{52E5D454-74A8-47C4-9429-6DED91A3E0C7}.Release|Any CPU.ActiveCfg = Release|Any CPU
		{52E5D454-74A8-47C4-9429-6DED91A3E0C7}.Release|Any CPU.Build.0 = Release|Any CPU
	EndGlobalSection
	GlobalSection(NestedProjects) = preSolution
		{D8A93722-8ACA-472B-B99C-638C09F8FC24} = {3D55C360-7714-48F1-A693-0DB9ABF472CF}
		{262138B7-5481-4F50-B707-85520E47F096} = {3D55C360-7714-48F1-A693-0DB9ABF472CF}
		{6D93F64F-1429-4BA7-8FED-789142DDA36D} = {3D55C360-7714-48F1-A693-0DB9ABF472CF}
		{363EBB6F-0560-4380-9876-EAE8F68BD9A6} = {3D55C360-7714-48F1-A693-0DB9ABF472CF}
		{AD86B42B-2E0E-40E6-8552-4FDFF3257B6D} = {2457A7B2-B0E9-450A-B657-B375710DC131}
		{52E5D454-74A8-47C4-9429-6DED91A3E0C7} = {2457A7B2-B0E9-450A-B657-B375710DC131}
	EndGlobalSection
EndGlobal
